
Microsoft Visual Studio Solution File, Format Version 12.00
# Visual Studio Version 17
VisualStudioVersion = 17.13.35919.96 d17.13
MinimumVisualStudioVersion = 10.0.40219.1
Project("{FAE04EC0-301F-11D3-BF4B-00C04F79EFBC}") = "HulluKyla", "HulluKyla.csproj", "{DB16921C-045C-4EF5-A9A6-7B3F24219EA6}"
EndProject
Global
	GlobalSection(SolutionConfigurationPlatforms) = preSolution
		Debug|Any CPU = Debug|Any CPU
		Release|Any CPU = Release|Any CPU
	EndGlobalSection
	GlobalSection(ProjectConfigurationPlatforms) = postSolution
		{DB16921C-045C-4EF5-A9A6-7B3F24219EA6}.Debug|Any CPU.ActiveCfg = Debug|Any CPU
		{DB16921C-045C-4EF5-A9A6-7B3F24219EA6}.Debug|Any CPU.Build.0 = Debug|Any CPU
		{DB16921C-045C-4EF5-A9A6-7B3F24219EA6}.Release|Any CPU.ActiveCfg = Release|Any CPU
		{DB16921C-045C-4EF5-A9A6-7B3F24219EA6}.Release|Any CPU.Build.0 = Release|Any CPU
	EndGlobalSection
	GlobalSection(SolutionProperties) = preSolution
		HideSolutionNode = FALSE
	EndGlobalSection
	GlobalSection(ExtensibilityGlobals) = postSolution
		SolutionGuid = {4DC5A963-94E2-47BD-938A-628CCC993504}
	EndGlobalSection
EndGlobal
